
Microsoft Visual Studio Solution File, Format Version 12.00
# Visual Studio 15
VisualStudioVersion = 15.0.26730.15
MinimumVisualStudioVersion = 10.0.40219.1
Project("{FAE04EC0-301F-11D3-BF4B-00C04F79EFBC}") = "CSharpUtils", "CSharpUtils.csproj", "{543FD614-0DB8-4D27-9DAE-E09A7F8FC167}"
EndProject
Project("{FAE04EC0-301F-11D3-BF4B-00C04F79EFBC}") = "CSharpUtils.WPF", "..\CSharpUtils.WPF\CSharpUtils.WPF.csproj", "{C3086964-809A-4E18-8139-99888FD6B7A8}"
EndProject
Global
	GlobalSection(SolutionConfigurationPlatforms) = preSolution
		Debug|Any CPU = Debug|Any CPU
		Release|Any CPU = Release|Any CPU
	EndGlobalSection
	GlobalSection(ProjectConfigurationPlatforms) = postSolution
		{543FD614-0DB8-4D27-9DAE-E09A7F8FC167}.Debug|Any CPU.ActiveCfg = Debug|Any CPU
		{543FD614-0DB8-4D27-9DAE-E09A7F8FC167}.Debug|Any CPU.Build.0 = Debug|Any CPU
		{543FD614-0DB8-4D27-9DAE-E09A7F8FC167}.Release|Any CPU.ActiveCfg = Release|Any CPU
		{543FD614-0DB8-4D27-9DAE-E09A7F8FC167}.Release|Any CPU.Build.0 = Release|Any CPU
		{C3086964-809A-4E18-8139-99888FD6B7A8}.Debug|Any CPU.ActiveCfg = Debug|Any CPU
		{C3086964-809A-4E18-8139-99888FD6B7A8}.Debug|Any CPU.Build.0 = Debug|Any CPU
		{C3086964-809A-4E18-8139-99888FD6B7A8}.Release|Any CPU.ActiveCfg = Release|Any CPU
		{C3086964-809A-4E18-8139-99888FD6B7A8}.Release|Any CPU.Build.0 = Release|Any CPU
	EndGlobalSection
	GlobalSection(SolutionProperties) = preSolution
		HideSolutionNode = FALSE
	EndGlobalSection
	GlobalSection(ExtensibilityGlobals) = postSolution
		SolutionGuid = {FAC91636-5BBD-43AB-84F1-1B66CE61A444}
	EndGlobalSection
EndGlobal
